// !$*UTF8*$!
{
	archiveVersion = 1;
	classes = {
	};
	objectVersion = 46;
	objects = {

/* Begin PBXBuildFile section */
		94B1269E18BDF374008FCF34 /* Foundation.framework in Frameworks */ = {isa = PBXBuildFile; fileRef = 94B1269D18BDF374008FCF34 /* Foundation.framework */; };
		94B126A018BDF374008FCF34 /* CoreGraphics.framework in Frameworks */ = {isa = PBXBuildFile; fileRef = 94B1269F18BDF374008FCF34 /* CoreGraphics.framework */; };
		94B126A218BDF374008FCF34 /* UIKit.framework in Frameworks */ = {isa = PBXBuildFile; fileRef = 94B126A118BDF374008FCF34 /* UIKit.framework */; };
		94B126A818BDF374008FCF34 /* InfoPlist.strings in Resources */ = {isa = PBXBuildFile; fileRef = 94B126A618BDF374008FCF34 /* InfoPlist.strings */; };
		94B126AA18BDF374008FCF34 /* main.m in Sources */ = {isa = PBXBuildFile; fileRef = 94B126A918BDF374008FCF34 /* main.m */; };
		94B126AE18BDF374008FCF34 /* AppDelegate.m in Sources */ = {isa = PBXBuildFile; fileRef = 94B126AD18BDF374008FCF34 /* AppDelegate.m */; };
		94B126B118BDF374008FCF34 /* Main.storyboard in Resources */ = {isa = PBXBuildFile; fileRef = 94B126AF18BDF374008FCF34 /* Main.storyboard */; };
		94B126B418BDF374008FCF34 /* ViewController.m in Sources */ = {isa = PBXBuildFile; fileRef = 94B126B318BDF374008FCF34 /* ViewController.m */; };
		94B126B618BDF374008FCF34 /* Images.xcassets in Resources */ = {isa = PBXBuildFile; fileRef = 94B126B518BDF374008FCF34 /* Images.xcassets */; };
		94B126BD18BDF374008FCF34 /* XCTest.framework in Frameworks */ = {isa = PBXBuildFile; fileRef = 94B126BC18BDF374008FCF34 /* XCTest.framework */; };
		94B126BE18BDF374008FCF34 /* Foundation.framework in Frameworks */ = {isa = PBXBuildFile; fileRef = 94B1269D18BDF374008FCF34 /* Foundation.framework */; };
		94B126BF18BDF374008FCF34 /* UIKit.framework in Frameworks */ = {isa = PBXBuildFile; fileRef = 94B126A118BDF374008FCF34 /* UIKit.framework */; };
		94B126C718BDF374008FCF34 /* InfoPlist.strings in Resources */ = {isa = PBXBuildFile; fileRef = 94B126C518BDF374008FCF34 /* InfoPlist.strings */; };
		94B126C918BDF374008FCF34 /* DX_BallTests.m in Sources */ = {isa = PBXBuildFile; fileRef = 94B126C818BDF374008FCF34 /* DX_BallTests.m */; };
		94B126DA18BDFB2F008FCF34 /* 1.jpg in Resources */ = {isa = PBXBuildFile; fileRef = 94B126D218BDFB2F008FCF34 /* 1.jpg */; };
		94B126DB18BDFB2F008FCF34 /* 2.jpg in Resources */ = {isa = PBXBuildFile; fileRef = 94B126D318BDFB2F008FCF34 /* 2.jpg */; };
		94B126DC18BDFB2F008FCF34 /* 3.jpg in Resources */ = {isa = PBXBuildFile; fileRef = 94B126D418BDFB2F008FCF34 /* 3.jpg */; };
		94B126DD18BDFB2F008FCF34 /* 4.jpg in Resources */ = {isa = PBXBuildFile; fileRef = 94B126D518BDFB2F008FCF34 /* 4.jpg */; };
		94B126DE18BDFB2F008FCF34 /* 5.jpg in Resources */ = {isa = PBXBuildFile; fileRef = 94B126D618BDFB2F008FCF34 /* 5.jpg */; };
		94B126DF18BDFB2F008FCF34 /* Background.jpg in Resources */ = {isa = PBXBuildFile; fileRef = 94B126D718BDFB2F008FCF34 /* Background.jpg */; };
		94B126E018BDFB2F008FCF34 /* Ball.jpg in Resources */ = {isa = PBXBuildFile; fileRef = 94B126D818BDFB2F008FCF34 /* Ball.jpg */; };
		94B126E118BDFB2F008FCF34 /* Player.jpg in Resources */ = {isa = PBXBuildFile; fileRef = 94B126D918BDFB2F008FCF34 /* Player.jpg */; };
		94B126E418BDFF2D008FCF34 /* Game.m in Sources */ = {isa = PBXBuildFile; fileRef = 94B126E318BDFF2D008FCF34 /* Game.m */; };
/* End PBXBuildFile section */

/* Begin PBXContainerItemProxy section */
		94B126C018BDF374008FCF34 /* PBXContainerItemProxy */ = {
			isa = PBXContainerItemProxy;
			containerPortal = 94B1269218BDF374008FCF34 /* Project object */;
			proxyType = 1;
			remoteGlobalIDString = 94B1269918BDF374008FCF34;
			remoteInfo = "DX Ball";
		};
/* End PBXContainerItemProxy section */

/* Begin PBXFileReference section */
		94B1269A18BDF374008FCF34 /* DX Ball.app */ = {isa = PBXFileReference; explicitFileType = wrapper.application; includeInIndex = 0; path = "DX Ball.app"; sourceTree = BUILT_PRODUCTS_DIR; };
		94B1269D18BDF374008FCF34 /* Foundation.framework */ = {isa = PBXFileReference; lastKnownFileType = wrapper.framework; name = Foundation.framework; path = System/Library/Frameworks/Foundation.framework; sourceTree = SDKROOT; };
		94B1269F18BDF374008FCF34 /* CoreGraphics.framework */ = {isa = PBXFileReference; lastKnownFileType = wrapper.framework; name = CoreGraphics.framework; path = System/Library/Frameworks/CoreGraphics.framework; sourceTree = SDKROOT; };
		94B126A118BDF374008FCF34 /* UIKit.framework */ = {isa = PBXFileReference; lastKnownFileType = wrapper.framework; name = UIKit.framework; path = System/Library/Frameworks/UIKit.framework; sourceTree = SDKROOT; };
		94B126A518BDF374008FCF34 /* DX Ball-Info.plist */ = {isa = PBXFileReference; lastKnownFileType = text.plist.xml; path = "DX Ball-Info.plist"; sourceTree = "<group>"; };
		94B126A718BDF374008FCF34 /* en */ = {isa = PBXFileReference; lastKnownFileType = text.plist.strings; name = en; path = en.lproj/InfoPlist.strings; sourceTree = "<group>"; };
		94B126A918BDF374008FCF34 /* main.m */ = {isa = PBXFileReference; lastKnownFileType = sourcecode.c.objc; path = main.m; sourceTree = "<group>"; };
		94B126AB18BDF374008FCF34 /* DX Ball-Prefix.pch */ = {isa = PBXFileReference; lastKnownFileType = sourcecode.c.h; path = "DX Ball-Prefix.pch"; sourceTree = "<group>"; };
		94B126AC18BDF374008FCF34 /* AppDelegate.h */ = {isa = PBXFileReference; lastKnownFileType = sourcecode.c.h; path = AppDelegate.h; sourceTree = "<group>"; };
		94B126AD18BDF374008FCF34 /* AppDelegate.m */ = {isa = PBXFileReference; lastKnownFileType = sourcecode.c.objc; path = AppDelegate.m; sourceTree = "<group>"; };
		94B126B018BDF374008FCF34 /* Base */ = {isa = PBXFileReference; lastKnownFileType = file.storyboard; name = Base; path = Base.lproj/Main.storyboard; sourceTree = "<group>"; };
		94B126B218BDF374008FCF34 /* ViewController.h */ = {isa = PBXFileReference; lastKnownFileType = sourcecode.c.h; path = ViewController.h; sourceTree = "<group>"; };
		94B126B318BDF374008FCF34 /* ViewController.m */ = {isa = PBXFileReference; lastKnownFileType = sourcecode.c.objc; path = ViewController.m; sourceTree = "<group>"; };
		94B126B518BDF374008FCF34 /* Images.xcassets */ = {isa = PBXFileReference; lastKnownFileType = folder.assetcatalog; path = Images.xcassets; sourceTree = "<group>"; };
		94B126BB18BDF374008FCF34 /* DX BallTests.xctest */ = {isa = PBXFileReference; explicitFileType = wrapper.cfbundle; includeInIndex = 0; path = "DX BallTests.xctest"; sourceTree = BUILT_PRODUCTS_DIR; };
		94B126BC18BDF374008FCF34 /* XCTest.framework */ = {isa = PBXFileReference; lastKnownFileType = wrapper.framework; name = XCTest.framework; path = Library/Frameworks/XCTest.framework; sourceTree = DEVELOPER_DIR; };
		94B126C418BDF374008FCF34 /* DX BallTests-Info.plist */ = {isa = PBXFileReference; lastKnownFileType = text.plist.xml; path = "DX BallTests-Info.plist"; sourceTree = "<group>"; };
		94B126C618BDF374008FCF34 /* en */ = {isa = PBXFileReference; lastKnownFileType = text.plist.strings; name = en; path = en.lproj/InfoPlist.strings; sourceTree = "<group>"; };
		94B126C818BDF374008FCF34 /* DX_BallTests.m */ = {isa = PBXFileReference; lastKnownFileType = sourcecode.c.objc; path = DX_BallTests.m; sourceTree = "<group>"; };
		94B126D218BDFB2F008FCF34 /* 1.jpg */ = {isa = PBXFileReference; lastKnownFileType = image.jpeg; path = 1.jpg; sourceTree = "<group>"; };
		94B126D318BDFB2F008FCF34 /* 2.jpg */ = {isa = PBXFileReference; lastKnownFileType = image.jpeg; path = 2.jpg; sourceTree = "<group>"; };
		94B126D418BDFB2F008FCF34 /* 3.jpg */ = {isa = PBXFileReference; lastKnownFileType = image.jpeg; path = 3.jpg; sourceTree = "<group>"; };
		94B126D518BDFB2F008FCF34 /* 4.jpg */ = {isa = PBXFileReference; lastKnownFileType = image.jpeg; path = 4.jpg; sourceTree = "<group>"; };
		94B126D618BDFB2F008FCF34 /* 5.jpg */ = {isa = PBXFileReference; lastKnownFileType = image.jpeg; path = 5.jpg; sourceTree = "<group>"; };
		94B126D718BDFB2F008FCF34 /* Background.jpg */ = {isa = PBXFileReference; lastKnownFileType = image.jpeg; path = Background.jpg; sourceTree = "<group>"; };
		94B126D818BDFB2F008FCF34 /* Ball.jpg */ = {isa = PBXFileReference; lastKnownFileType = image.jpeg; path = Ball.jpg; sourceTree = "<group>"; };
		94B126D918BDFB2F008FCF34 /* Player.jpg */ = {isa = PBXFileReference; lastKnownFileType = image.jpeg; path = Player.jpg; sourceTree = "<group>"; };
		94B126E218BDFF2D008FCF34 /* Game.h */ = {isa = PBXFileReference; fileEncoding = 4; lastKnownFileType = sourcecode.c.h; name = Game.h; path = ../Game.h; sourceTree = "<group>"; };
		94B126E318BDFF2D008FCF34 /* Game.m */ = {isa = PBXFileReference; fileEncoding = 4; lastKnownFileType = sourcecode.c.objc; name = Game.m; path = ../Game.m; sourceTree = "<group>"; };
/* End PBXFileReference section */

/* Begin PBXFrameworksBuildPhase section */
		94B1269718BDF374008FCF34 /* Frameworks */ = {
			isa = PBXFrameworksBuildPhase;
			buildActionMask = 2147483647;
			files = (
				94B126A018BDF374008FCF34 /* CoreGraphics.framework in Frameworks */,
				94B126A218BDF374008FCF34 /* UIKit.framework in Frameworks */,
				94B1269E18BDF374008FCF34 /* Foundation.framework in Frameworks */,
			);
			runOnlyForDeploymentPostprocessing = 0;
		};
		94B126B818BDF374008FCF34 /* Frameworks */ = {
			isa = PBXFrameworksBuildPhase;
			buildActionMask = 2147483647;
			files = (
				94B126BD18BDF374008FCF34 /* XCTest.framework in Frameworks */,
				94B126BF18BDF374008FCF34 /* UIKit.framework in Frameworks */,
				94B126BE18BDF374008FCF34 /* Foundation.framework in Frameworks */,
			);
			runOnlyForDeploymentPostprocessing = 0;
		};
/* End PBXFrameworksBuildPhase section */

/* Begin PBXGroup section */
		94B1269118BDF374008FCF34 = {
			isa = PBXGroup;
			children = (
				94B126A318BDF374008FCF34 /* DX Ball */,
				94B126C218BDF374008FCF34 /* DX BallTests */,
				94B1269C18BDF374008FCF34 /* Frameworks */,
				94B1269B18BDF374008FCF34 /* Products */,
			);
			sourceTree = "<group>";
		};
		94B1269B18BDF374008FCF34 /* Products */ = {
			isa = PBXGroup;
			children = (
				94B1269A18BDF374008FCF34 /* DX Ball.app */,
				94B126BB18BDF374008FCF34 /* DX BallTests.xctest */,
			);
			name = Products;
			sourceTree = "<group>";
		};
		94B1269C18BDF374008FCF34 /* Frameworks */ = {
			isa = PBXGroup;
			children = (
				94B1269D18BDF374008FCF34 /* Foundation.framework */,
				94B1269F18BDF374008FCF34 /* CoreGraphics.framework */,
				94B126A118BDF374008FCF34 /* UIKit.framework */,
				94B126BC18BDF374008FCF34 /* XCTest.framework */,
			);
			name = Frameworks;
			sourceTree = "<group>";
		};
		94B126A318BDF374008FCF34 /* DX Ball */ = {
			isa = PBXGroup;
			children = (
				94B126AC18BDF374008FCF34 /* AppDelegate.h */,
				94B126AD18BDF374008FCF34 /* AppDelegate.m */,
				94B126AF18BDF374008FCF34 /* Main.storyboard */,
				94B126B218BDF374008FCF34 /* ViewController.h */,
				94B126B318BDF374008FCF34 /* ViewController.m */,
				94B126E218BDFF2D008FCF34 /* Game.h */,
				94B126E318BDFF2D008FCF34 /* Game.m */,
				94B126B518BDF374008FCF34 /* Images.xcassets */,
				94B126A418BDF374008FCF34 /* Supporting Files */,
			);
			path = "DX Ball";
			sourceTree = "<group>";
		};
		94B126A418BDF374008FCF34 /* Supporting Files */ = {
			isa = PBXGroup;
			children = (
				94B126D218BDFB2F008FCF34 /* 1.jpg */,
				94B126D318BDFB2F008FCF34 /* 2.jpg */,
				94B126D418BDFB2F008FCF34 /* 3.jpg */,
				94B126D518BDFB2F008FCF34 /* 4.jpg */,
				94B126D618BDFB2F008FCF34 /* 5.jpg */,
				94B126D718BDFB2F008FCF34 /* Background.jpg */,
				94B126D818BDFB2F008FCF34 /* Ball.jpg */,
				94B126D918BDFB2F008FCF34 /* Player.jpg */,
				94B126A518BDF374008FCF34 /* DX Ball-Info.plist */,
				94B126A618BDF374008FCF34 /* InfoPlist.strings */,
				94B126A918BDF374008FCF34 /* main.m */,
				94B126AB18BDF374008FCF34 /* DX Ball-Prefix.pch */,
			);
			name = "Supporting Files";
			sourceTree = "<group>";
		};
		94B126C218BDF374008FCF34 /* DX BallTests */ = {
			isa = PBXGroup;
			children = (
				94B126C818BDF374008FCF34 /* DX_BallTests.m */,
				94B126C318BDF374008FCF34 /* Supporting Files */,
			);
			path = "DX BallTests";
			sourceTree = "<group>";
		};
		94B126C318BDF374008FCF34 /* Supporting Files */ = {
			isa = PBXGroup;
			children = (
				94B126C418BDF374008FCF34 /* DX BallTests-Info.plist */,
				94B126C518BDF374008FCF34 /* InfoPlist.strings */,
			);
			name = "Supporting Files";
			sourceTree = "<group>";
		};
/* End PBXGroup section */

/* Begin PBXNativeTarget section */
		94B1269918BDF374008FCF34 /* DX Ball */ = {
			isa = PBXNativeTarget;
			buildConfigurationList = 94B126CC18BDF374008FCF34 /* Build configuration list for PBXNativeTarget "DX Ball" */;
			buildPhases = (
				94B1269618BDF374008FCF34 /* Sources */,
				94B1269718BDF374008FCF34 /* Frameworks */,
				94B1269818BDF374008FCF34 /* Resources */,
			);
			buildRules = (
			);
			dependencies = (
			);
			name = "DX Ball";
			productName = "DX Ball";
			productReference = 94B1269A18BDF374008FCF34 /* DX Ball.app */;
			productType = "com.apple.product-type.application";
		};
		94B126BA18BDF374008FCF34 /* DX BallTests */ = {
			isa = PBXNativeTarget;
			buildConfigurationList = 94B126CF18BDF374008FCF34 /* Build configuration list for PBXNativeTarget "DX BallTests" */;
			buildPhases = (
				94B126B718BDF374008FCF34 /* Sources */,
				94B126B818BDF374008FCF34 /* Frameworks */,
				94B126B918BDF374008FCF34 /* Resources */,
			);
			buildRules = (
			);
			dependencies = (
				94B126C118BDF374008FCF34 /* PBXTargetDependency */,
			);
			name = "DX BallTests";
			productName = "DX BallTests";
			productReference = 94B126BB18BDF374008FCF34 /* DX BallTests.xctest */;
			productType = "com.apple.product-type.bundle.unit-test";
		};
/* End PBXNativeTarget section */

/* Begin PBXProject section */
		94B1269218BDF374008FCF34 /* Project object */ = {
			isa = PBXProject;
			attributes = {
				LastUpgradeCheck = 0720;
				ORGANIZATIONNAME = "Agney Patel";
				TargetAttributes = {
					94B126BA18BDF374008FCF34 = {
						TestTargetID = 94B1269918BDF374008FCF34;
					};
				};
			};
			buildConfigurationList = 94B1269518BDF374008FCF34 /* Build configuration list for PBXProject "DX Ball" */;
			compatibilityVersion = "Xcode 3.2";
			developmentRegion = English;
			hasScannedForEncodings = 0;
			knownRegions = (
				en,
				Base,
			);
			mainGroup = 94B1269118BDF374008FCF34;
			productRefGroup = 94B1269B18BDF374008FCF34 /* Products */;
			projectDirPath = "";
			projectRoot = "";
			targets = (
				94B1269918BDF374008FCF34 /* DX Ball */,
				94B126BA18BDF374008FCF34 /* DX BallTests */,
			);
		};
/* End PBXProject section */

/* Begin PBXResourcesBuildPhase section */
		94B1269818BDF374008FCF34 /* Resources */ = {
			isa = PBXResourcesBuildPhase;
			buildActionMask = 2147483647;
			files = (
				94B126E118BDFB2F008FCF34 /* Player.jpg in Resources */,
				94B126DF18BDFB2F008FCF34 /* Background.jpg in Resources */,
				94B126B618BDF374008FCF34 /* Images.xcassets in Resources */,
				94B126DE18BDFB2F008FCF34 /* 5.jpg in Resources */,
				94B126DD18BDFB2F008FCF34 /* 4.jpg in Resources */,
				94B126DA18BDFB2F008FCF34 /* 1.jpg in Resources */,
				94B126DB18BDFB2F008FCF34 /* 2.jpg in Resources */,
				94B126DC18BDFB2F008FCF34 /* 3.jpg in Resources */,
				94B126E018BDFB2F008FCF34 /* Ball.jpg in Resources */,
				94B126A818BDF374008FCF34 /* InfoPlist.strings in Resources */,
				94B126B118BDF374008FCF34 /* Main.storyboard in Resources */,
			);
			runOnlyForDeploymentPostprocessing = 0;
		};
		94B126B918BDF374008FCF34 /* Resources */ = {
			isa = PBXResourcesBuildPhase;
			buildActionMask = 2147483647;
			files = (
				94B126C718BDF374008FCF34 /* InfoPlist.strings in Resources */,
			);
			runOnlyForDeploymentPostprocessing = 0;
		};
/* End PBXResourcesBuildPhase section */

/* Begin PBXSourcesBuildPhase section */
		94B1269618BDF374008FCF34 /* Sources */ = {
			isa = PBXSourcesBuildPhase;
			buildActionMask = 2147483647;
			files = (
				94B126B418BDF374008FCF34 /* ViewController.m in Sources */,
				94B126AE18BDF374008FCF34 /* AppDelegate.m in Sources */,
				94B126AA18BDF374008FCF34 /* main.m in Sources */,
				94B126E418BDFF2D008FCF34 /* Game.m in Sources */,
			);
			runOnlyForDeploymentPostprocessing = 0;
		};
		94B126B718BDF374008FCF34 /* Sources */ = {
			isa = PBXSourcesBuildPhase;
			buildActionMask = 2147483647;
			files = (
				94B126C918BDF374008FCF34 /* DX_BallTests.m in Sources */,
			);
			runOnlyForDeploymentPostprocessing = 0;
		};
/* End PBXSourcesBuildPhase section */

/* Begin PBXTargetDependency section */
		94B126C118BDF374008FCF34 /* PBXTargetDependency */ = {
			isa = PBXTargetDependency;
			target = 94B1269918BDF374008FCF34 /* DX Ball */;
			targetProxy = 94B126C018BDF374008FCF34 /* PBXContainerItemProxy */;
		};
/* End PBXTargetDependency section */

/* Begin PBXVariantGroup section */
		94B126A618BDF374008FCF34 /* InfoPlist.strings */ = {
			isa = PBXVariantGroup;
			children = (
				94B126A718BDF374008FCF34 /* en */,
			);
			name = InfoPlist.strings;
			sourceTree = "<group>";
		};
		94B126AF18BDF374008FCF34 /* Main.storyboard */ = {
			isa = PBXVariantGroup;
			children = (
				94B126B018BDF374008FCF34 /* Base */,
			);
			name = Main.storyboard;
			sourceTree = "<group>";
		};
		94B126C518BDF374008FCF34 /* InfoPlist.strings */ = {
			isa = PBXVariantGroup;
			children = (
				94B126C618BDF374008FCF34 /* en */,
			);
			name = InfoPlist.strings;
			sourceTree = "<group>";
		};
/* End PBXVariantGroup section */

/* Begin XCBuildConfiguration section */
		94B126CA18BDF374008FCF34 /* Debug */ = {
			isa = XCBuildConfiguration;
			buildSettings = {
				ALWAYS_SEARCH_USER_PATHS = NO;
				CLANG_CXX_LANGUAGE_STANDARD = "gnu++0x";
				CLANG_CXX_LIBRARY = "libc++";
				CLANG_ENABLE_MODULES = YES;
				CLANG_ENABLE_OBJC_ARC = YES;
				CLANG_WARN_BOOL_CONVERSION = YES;
				CLANG_WARN_CONSTANT_CONVERSION = YES;
				CLANG_WARN_DIRECT_OBJC_ISA_USAGE = YES_ERROR;
				CLANG_WARN_EMPTY_BODY = YES;
				CLANG_WARN_ENUM_CONVERSION = YES;
				CLANG_WARN_INT_CONVERSION = YES;
				CLANG_WARN_OBJC_ROOT_CLASS = YES_ERROR;
				CLANG_WARN__DUPLICATE_METHOD_MATCH = YES;
				"CODE_SIGN_IDENTITY[sdk=iphoneos*]" = "iPhone Developer";
				COPY_PHASE_STRIP = NO;
				ENABLE_TESTABILITY = YES;
				GCC_C_LANGUAGE_STANDARD = gnu99;
				GCC_DYNAMIC_NO_PIC = NO;
				GCC_OPTIMIZATION_LEVEL = 0;
				GCC_PREPROCESSOR_DEFINITIONS = (
					"DEBUG=1",
					"$(inherited)",
				);
				GCC_SYMBOLS_PRIVATE_EXTERN = NO;
				GCC_WARN_64_TO_32_BIT_CONVERSION = YES;
				GCC_WARN_ABOUT_RETURN_TYPE = YES_ERROR;
				GCC_WARN_UNDECLARED_SELECTOR = YES;
				GCC_WARN_UNINITIALIZED_AUTOS = YES;
				GCC_WARN_UNUSED_FUNCTION = YES;
				GCC_WARN_UNUSED_VARIABLE = YES;
				IPHONEOS_DEPLOYMENT_TARGET = 9.0;
				ONLY_ACTIVE_ARCH = YES;
				SDKROOT = iphoneos;
			};
			name = Debug;
		};
		94B126CB18BDF374008FCF34 /* Release */ = {
			isa = XCBuildConfiguration;
			buildSettings = {
				ALWAYS_SEARCH_USER_PATHS = NO;
				CLANG_CXX_LANGUAGE_STANDARD = "gnu++0x";
				CLANG_CXX_LIBRARY = "libc++";
				CLANG_ENABLE_MODULES = YES;
				CLANG_ENABLE_OBJC_ARC = YES;
				CLANG_WARN_BOOL_CONVERSION = YES;
				CLANG_WARN_CONSTANT_CONVERSION = YES;
				CLANG_WARN_DIRECT_OBJC_ISA_USAGE = YES_ERROR;
				CLANG_WARN_EMPTY_BODY = YES;
				CLANG_WARN_ENUM_CONVERSION = YES;
				CLANG_WARN_INT_CONVERSION = YES;
				CLANG_WARN_OBJC_ROOT_CLASS = YES_ERROR;
				CLANG_WARN__DUPLICATE_METHOD_MATCH = YES;
				"CODE_SIGN_IDENTITY[sdk=iphoneos*]" = "iPhone Developer";
				COPY_PHASE_STRIP = YES;
				ENABLE_NS_ASSERTIONS = NO;
				GCC_C_LANGUAGE_STANDARD = gnu99;
				GCC_WARN_64_TO_32_BIT_CONVERSION = YES;
				GCC_WARN_ABOUT_RETURN_TYPE = YES_ERROR;
				GCC_WARN_UNDECLARED_SELECTOR = YES;
				GCC_WARN_UNINITIALIZED_AUTOS = YES;
				GCC_WARN_UNUSED_FUNCTION = YES;
				GCC_WARN_UNUSED_VARIABLE = YES;
				IPHONEOS_DEPLOYMENT_TARGET = 9.0;
				SDKROOT = iphoneos;
				VALIDATE_PRODUCT = YES;
			};
			name = Release;
		};
		94B126CD18BDF374008FCF34 /* Debug */ = {
			isa = XCBuildConfiguration;
			buildSettings = {
				ASSETCATALOG_COMPILER_APPICON_NAME = AppIcon;
				ASSETCATALOG_COMPILER_LAUNCHIMAGE_NAME = LaunchImage;
				CODE_SIGN_IDENTITY = "iPhone Developer";
				"CODE_SIGN_IDENTITY[sdk=iphoneos*]" = "iPhone Developer";
				GCC_PRECOMPILE_PREFIX_HEADER = YES;
				GCC_PREFIX_HEADER = "DX Ball/DX Ball-Prefix.pch";
				INFOPLIST_FILE = "DX Ball/DX Ball-Info.plist";
				IPHONEOS_DEPLOYMENT_TARGET = 9.2;
				PRODUCT_BUNDLE_IDENTIFIER = com.agneypatel;
				PRODUCT_NAME = "$(TARGET_NAME)";
				PROVISIONING_PROFILE = "";
				WRAPPER_EXTENSION = app;
			};
			name = Debug;
		};
		94B126CE18BDF374008FCF34 /* Release */ = {
			isa = XCBuildConfiguration;
			buildSettings = {
				ASSETCATALOG_COMPILER_APPICON_NAME = AppIcon;
				ASSETCATALOG_COMPILER_LAUNCHIMAGE_NAME = LaunchImage;
				CODE_SIGN_IDENTITY = "iPhone Developer";
				"CODE_SIGN_IDENTITY[sdk=iphoneos*]" = "iPhone Developer";
				GCC_PRECOMPILE_PREFIX_HEADER = YES;
				GCC_PREFIX_HEADER = "DX Ball/DX Ball-Prefix.pch";
				INFOPLIST_FILE = "DX Ball/DX Ball-Info.plist";
				IPHONEOS_DEPLOYMENT_TARGET = 9.2;
				PRODUCT_BUNDLE_IDENTIFIER = com.agneypatel;
				PRODUCT_NAME = "$(TARGET_NAME)";
				PROVISIONING_PROFILE = "";
				WRAPPER_EXTENSION = app;
			};
			name = Release;
		};
		94B126D018BDF374008FCF34 /* Debug */ = {
			isa = XCBuildConfiguration;
			buildSettings = {
				BUNDLE_LOADER = "$(BUILT_PRODUCTS_DIR)/DX Ball.app/DX Ball";
				FRAMEWORK_SEARCH_PATHS = (
					"$(SDKROOT)/Developer/Library/Frameworks",
					"$(inherited)",
					"$(DEVELOPER_FRAMEWORKS_DIR)",
				);
				GCC_PRECOMPILE_PREFIX_HEADER = YES;
				GCC_PREFIX_HEADER = "DX Ball/DX Ball-Prefix.pch";
				GCC_PREPROCESSOR_DEFINITIONS = (
					"DEBUG=1",
					"$(inherited)",
				);
				INFOPLIST_FILE = "DX BallTests/DX BallTests-Info.plist";
				PRODUCT_BUNDLE_IDENTIFIER = "Agney-Patel.${PRODUCT_NAME:rfc1034identifier}";
				PRODUCT_NAME = "$(TARGET_NAME)";
				TEST_HOST = "$(BUNDLE_LOADER)";
				WRAPPER_EXTENSION = xctest;
			};
			name = Debug;
		};
		94B126D118BDF374008FCF34 /* Release */ = {
			isa = XCBuildConfiguration;
			buildSettings = {
				BUNDLE_LOADER = "$(BUILT_PRODUCTS_DIR)/DX Ball.app/DX Ball";
				FRAMEWORK_SEARCH_PATHS = (
					"$(SDKROOT)/Developer/Library/Frameworks",
					"$(inherited)",
					"$(DEVELOPER_FRAMEWORKS_DIR)",
				);
				GCC_PRECOMPILE_PREFIX_HEADER = YES;
				GCC_PREFIX_HEADER = "DX Ball/DX Ball-Prefix.pch";
				INFOPLIST_FILE = "DX BallTests/DX BallTests-Info.plist";
				PRODUCT_BUNDLE_IDENTIFIER = "Agney-Patel.${PRODUCT_NAME:rfc1034identifier}";
				PRODUCT_NAME = "$(TARGET_NAME)";
				TEST_HOST = "$(BUNDLE_LOADER)";
				WRAPPER_EXTENSION = xctest;
			};
			name = Release;
		};
/* End XCBuildConfiguration section */

/* Begin XCConfigurationList section */
		94B1269518BDF374008FCF34 /* Build configuration list for PBXProject "DX Ball" */ = {
			isa = XCConfigurationList;
			buildConfigurations = (
				94B126CA18BDF374008FCF34 /* Debug */,
				94B126CB18BDF374008FCF34 /* Release */,
			);
			defaultConfigurationIsVisible = 0;
			defaultConfigurationName = Release;
		};
		94B126CC18BDF374008FCF34 /* Build configuration list for PBXNativeTarget "DX Ball" */ = {
			isa = XCConfigurationList;
			buildConfigurations = (
				94B126CD18BDF374008FCF34 /* Debug */,
				94B126CE18BDF374008FCF34 /* Release */,
			);
			defaultConfigurationIsVisible = 0;
			defaultConfigurationName = Release;
		};
		94B126CF18BDF374008FCF34 /* Build configuration list for PBXNativeTarget "DX BallTests" */ = {
			isa = XCConfigurationList;
			buildConfigurations = (
				94B126D018BDF374008FCF34 /* Debug */,
				94B126D118BDF374008FCF34 /* Release */,
			);
			defaultConfigurationIsVisible = 0;
			defaultConfigurationName = Release;
		};
/* End XCConfigurationList section */
	};
	rootObject = 94B1269218BDF374008FCF34 /* Project object */;
}
